
Microsoft Visual Studio Solution File, Format Version 12.00
# Visual Studio Version 17
VisualStudioVersion = 17.7.34031.279
MinimumVisualStudioVersion = 10.0.40219.1
Project("{9A19103F-16F7-4668-BE54-9A1E7A4F7556}") = "WeatherApp.AppCore", "Server\WeatherApp.AppCore.csproj", "{87573E39-6B42-43FF-B549-7F6C3CF7C640}"
EndProject
Project("{9A19103F-16F7-4668-BE54-9A1E7A4F7556}") = "WeatherApp.Client", "Client\WeatherApp.Client.csproj", "{1A706194-64EC-4A12-81B8-CE2A343D479E}"
EndProject
Project("{9A19103F-16F7-4668-BE54-9A1E7A4F7556}") = "WeatherApp.Shared", "Shared\WeatherApp.Shared.csproj", "{10330E79-4F81-4263-9380-5F875F43ACAC}"
EndProject
Project("{9A19103F-16F7-4668-BE54-9A1E7A4F7556}") = "Infrastructure", "Infrastructure\Infrastructure.csproj", "{F38C88D7-DCBF-4309-A957-F76D2AD4A7BE}"
EndProject
Global
	GlobalSection(SolutionConfigurationPlatforms) = preSolution
		Debug|Any CPU = Debug|Any CPU
		Release|Any CPU = Release|Any CPU
	EndGlobalSection
	GlobalSection(ProjectConfigurationPlatforms) = postSolution
		{87573E39-6B42-43FF-B549-7F6C3CF7C640}.Debug|Any CPU.ActiveCfg = Debug|Any CPU
		{87573E39-6B42-43FF-B549-7F6C3CF7C640}.Debug|Any CPU.Build.0 = Debug|Any CPU
		{87573E39-6B42-43FF-B549-7F6C3CF7C640}.Release|Any CPU.ActiveCfg = Release|Any CPU
		{87573E39-6B42-43FF-B549-7F6C3CF7C640}.Release|Any CPU.Build.0 = Release|Any CPU
		{1A706194-64EC-4A12-81B8-CE2A343D479E}.Debug|Any CPU.ActiveCfg = Debug|Any CPU
		{1A706194-64EC-4A12-81B8-CE2A343D479E}.Debug|Any CPU.Build.0 = Debug|Any CPU
		{1A706194-64EC-4A12-81B8-CE2A343D479E}.Release|Any CPU.ActiveCfg = Release|Any CPU
		{1A706194-64EC-4A12-81B8-CE2A343D479E}.Release|Any CPU.Build.0 = Release|Any CPU
		{10330E79-4F81-4263-9380-5F875F43ACAC}.Debug|Any CPU.ActiveCfg = Debug|Any CPU
		{10330E79-4F81-4263-9380-5F875F43ACAC}.Debug|Any CPU.Build.0 = Debug|Any CPU
		{10330E79-4F81-4263-9380-5F875F43ACAC}.Release|Any CPU.ActiveCfg = Release|Any CPU
		{10330E79-4F81-4263-9380-5F875F43ACAC}.Release|Any CPU.Build.0 = Release|Any CPU
		{F38C88D7-DCBF-4309-A957-F76D2AD4A7BE}.Debug|Any CPU.ActiveCfg = Debug|Any CPU
		{F38C88D7-DCBF-4309-A957-F76D2AD4A7BE}.Debug|Any CPU.Build.0 = Debug|Any CPU
		{F38C88D7-DCBF-4309-A957-F76D2AD4A7BE}.Release|Any CPU.ActiveCfg = Release|Any CPU
		{F38C88D7-DCBF-4309-A957-F76D2AD4A7BE}.Release|Any CPU.Build.0 = Release|Any CPU
	EndGlobalSection
	GlobalSection(SolutionProperties) = preSolution
		HideSolutionNode = FALSE
	EndGlobalSection
	GlobalSection(ExtensibilityGlobals) = postSolution
		SolutionGuid = {1F83B7C0-D10C-4A96-91BB-D7B6F86B4837}
	EndGlobalSection
EndGlobal
